dependencies:
- name: apisix
  repository: https://charts.apiseven.com
  version: 0.10.0
- name: apisix-dashboard
  repository: https://charts.apiseven.com
  version: 0.6.0
- name: apisix-ingress-controller
  repository: https://charts.apiseven.com
  version: 0.9.3
- name: keycloak
  repository: https://charts.bitnami.com/bitnami
  version: 9.2.10
- name: mongodb
  repository: https://charts.bitnami.com/bitnami
  version: 12.1.26
- name: kafka
  repository: https://charts.bitnami.com/bitnami
  version: 18.0.3
digest: sha256:43d03323cd5bb2f69a804daf7e4bb08df9f85fd7c6f895f882c51fcfa3c73f41
generated: "2022-07-25T13:32:26.944928+03:00"
